
Microsoft Visual Studio Solution File, Format Version 12.00
# Visual Studio Version 16
VisualStudioVersion = 16.0.30717.126
MinimumVisualStudioVersion = 10.0.40219.1
Project("{FAE04EC0-301F-11D3-BF4B-00C04F79EFBC}") = "1217_ex5", "1217_ex5\1217_ex5.csproj", "{ED881A6F-60F6-4A1E-9C60-344A2ADBD85B}"
EndProject
Global
	GlobalSection(SolutionConfigurationPlatforms) = preSolution
		Debug|Any CPU = Debug|Any CPU
		Release|Any CPU = Release|Any CPU
	EndGlobalSection
	GlobalSection(ProjectConfigurationPlatforms) = postSolution
		{ED881A6F-60F6-4A1E-9C60-344A2ADBD85B}.Debug|Any CPU.ActiveCfg = Debug|Any CPU
		{ED881A6F-60F6-4A1E-9C60-344A2ADBD85B}.Debug|Any CPU.Build.0 = Debug|Any CPU
		{ED881A6F-60F6-4A1E-9C60-344A2ADBD85B}.Release|Any CPU.ActiveCfg = Release|Any CPU
		{ED881A6F-60F6-4A1E-9C60-344A2ADBD85B}.Release|Any CPU.Build.0 = Release|Any CPU
	EndGlobalSection
	GlobalSection(SolutionProperties) = preSolution
		HideSolutionNode = FALSE
	EndGlobalSection
	GlobalSection(ExtensibilityGlobals) = postSolution
		SolutionGuid = {CB063B3A-4B15-4762-B532-1010ABD65C3C}
	EndGlobalSection
EndGlobal
