
Microsoft Visual Studio Solution File, Format Version 12.00
# Visual Studio Version 16
VisualStudioVersion = 16.0.30717.126
MinimumVisualStudioVersion = 10.0.40219.1
Project("{FAE04EC0-301F-11D3-BF4B-00C04F79EFBC}") = "1217_ex6", "1217_ex6\1217_ex6.csproj", "{1C34CDC0-55F0-44FE-BBA1-947AF2DF1FF7}"
EndProject
Global
	GlobalSection(SolutionConfigurationPlatforms) = preSolution
		Debug|Any CPU = Debug|Any CPU
		Release|Any CPU = Release|Any CPU
	EndGlobalSection
	GlobalSection(ProjectConfigurationPlatforms) = postSolution
		{1C34CDC0-55F0-44FE-BBA1-947AF2DF1FF7}.Debug|Any CPU.ActiveCfg = Debug|Any CPU
		{1C34CDC0-55F0-44FE-BBA1-947AF2DF1FF7}.Debug|Any CPU.Build.0 = Debug|Any CPU
		{1C34CDC0-55F0-44FE-BBA1-947AF2DF1FF7}.Release|Any CPU.ActiveCfg = Release|Any CPU
		{1C34CDC0-55F0-44FE-BBA1-947AF2DF1FF7}.Release|Any CPU.Build.0 = Release|Any CPU
	EndGlobalSection
	GlobalSection(SolutionProperties) = preSolution
		HideSolutionNode = FALSE
	EndGlobalSection
	GlobalSection(ExtensibilityGlobals) = postSolution
		SolutionGuid = {ACC4E2BA-D6F2-49D6-BE7C-1FD89A895D31}
	EndGlobalSection
EndGlobal
