
Microsoft Visual Studio Solution File, Format Version 12.00
# Visual Studio Version 16
VisualStudioVersion = 16.0.30717.126
MinimumVisualStudioVersion = 10.0.40219.1
Project("{FAE04EC0-301F-11D3-BF4B-00C04F79EFBC}") = "1217_ex", "1217_ex\1217_ex.csproj", "{5633CD49-7F88-4CD3-A3F1-D25D8C7C847F}"
EndProject
Global
	GlobalSection(SolutionConfigurationPlatforms) = preSolution
		Debug|Any CPU = Debug|Any CPU
		Release|Any CPU = Release|Any CPU
	EndGlobalSection
	GlobalSection(ProjectConfigurationPlatforms) = postSolution
		{5633CD49-7F88-4CD3-A3F1-D25D8C7C847F}.Debug|Any CPU.ActiveCfg = Debug|Any CPU
		{5633CD49-7F88-4CD3-A3F1-D25D8C7C847F}.Debug|Any CPU.Build.0 = Debug|Any CPU
		{5633CD49-7F88-4CD3-A3F1-D25D8C7C847F}.Release|Any CPU.ActiveCfg = Release|Any CPU
		{5633CD49-7F88-4CD3-A3F1-D25D8C7C847F}.Release|Any CPU.Build.0 = Release|Any CPU
	EndGlobalSection
	GlobalSection(SolutionProperties) = preSolution
		HideSolutionNode = FALSE
	EndGlobalSection
	GlobalSection(ExtensibilityGlobals) = postSolution
		SolutionGuid = {1068105F-687F-475C-88E0-E24DD10A3B66}
	EndGlobalSection
EndGlobal
